{
  "version": "1",
  "sources": {
    "nixpkgs": {
      "type": "GitHub",
      "fetchType": "tarball",
      "owner": "NixOS",
      "repo": "nixpkgs",
      "branch": "nixos-unstable",
      "revision": "01f116e4df6a15f4ccdffb1bcd41096869fb385c",
      "url": "https://github.com/NixOS/nixpkgs/archive/01f116e4df6a15f4ccdffb1bcd41096869fb385c.tar.gz",
      "hash": "sha256-f/QCJM/YhrV/lavyCVz8iU3rlZun6d+dAiC3H+CDle4="
    }
  }
}
