{
  "version": "1",
  "sources": {
    "nixpkgs": {
      "type": "GitHub",
      "fetchType": "tarball",
      "owner": "NixOS",
      "repo": "nixpkgs",
      "branch": "nixos-unstable",
      "revision": "6a08e6bb4e46ff7fcbb53d409b253f6bad8a28ce",
      "url": "https://github.com/NixOS/nixpkgs/archive/6a08e6bb4e46ff7fcbb53d409b253f6bad8a28ce.tar.gz",
      "hash": "sha256-Q/uhWNvd7V7k1H1ZPMy/vkx3F8C13ZcdrKjO7Jv7v0c="
    }
  }
}
